
Microsoft Visual Studio Solution File, Format Version 12.00
# Visual Studio Version 17
VisualStudioVersion = 17.0.31903.59
MinimumVisualStudioVersion = 10.0.40219.1
Project("{9A19103F-16F7-4668-BE54-9A1E7A4F7556}") = "OpenTyrian2000", "src\OpenTyrian2000.csproj", "{33305465-832B-4DFC-9558-0C3B8E96A8ED}"
EndProject
Global
	GlobalSection(SolutionConfigurationPlatforms) = preSolution
		Debug|Any CPU = Debug|Any CPU
		Release|Any CPU = Release|Any CPU
	EndGlobalSection
	GlobalSection(ProjectConfigurationPlatforms) = postSolution
		{33305465-832B-4DFC-9558-0C3B8E96A8ED}.Debug|Any CPU.ActiveCfg = Debug|Any CPU
		{33305465-832B-4DFC-9558-0C3B8E96A8ED}.Debug|Any CPU.Build.0 = Debug|Any CPU
		{33305465-832B-4DFC-9558-0C3B8E96A8ED}.Release|Any CPU.ActiveCfg = Release|Any CPU
		{33305465-832B-4DFC-9558-0C3B8E96A8ED}.Release|Any CPU.Build.0 = Release|Any CPU
	EndGlobalSection
	GlobalSection(SolutionProperties) = preSolution
		HideSolutionNode = FALSE
	EndGlobalSection
EndGlobal
